{
  "name": "calculaator",
  "lockfileVersion": 2,
  "requires": true,
  "packages": {
    "": {
      "devDependencies": {
        "colors.css": "^3.0.0"
      }
    },
    "node_modules/colors.css": {
      "version": "3.0.0",
      "resolved": "https://registry.npmjs.org/colors.css/-/colors.css-3.0.0.tgz",
      "integrity": "sha1-URz0L7inGZqMvvSciKTqTx2Pnvw=",
      "dev": true,
      "engines": {
        "node": ">=0.10.22"
      }
    }
  },
  "dependencies": {
    "colors.css": {
      "version": "3.0.0",
      "resolved": "https://registry.npmjs.org/colors.css/-/colors.css-3.0.0.tgz",
      "integrity": "sha1-URz0L7inGZqMvvSciKTqTx2Pnvw=",
      "dev": true
    }
  }
}
